// !$*UTF8*$!
{
	archiveVersion = 1;
	classes = {
	};
	objectVersion = 55;
	objects = {

/* Begin PBXBuildFile section */
		EF1142A8277A83D900CBD81D /* AppDelegate.swift in Sources */ = {isa = PBXBuildFile; fileRef = EF1142A7277A83D900CBD81D /* AppDelegate.swift */; };
		EF1142AA277A83D900CBD81D /* SceneDelegate.swift in Sources */ = {isa = PBXBuildFile; fileRef = EF1142A9277A83D900CBD81D /* SceneDelegate.swift */; };
		EF1142AC277A83D900CBD81D /* ViewController.swift in Sources */ = {isa = PBXBuildFile; fileRef = EF1142AB277A83D900CBD81D /* ViewController.swift */; };
		EF1142AF277A83D900CBD81D /* Main.storyboard in Resources */ = {isa = PBXBuildFile; fileRef = EF1142AD277A83D900CBD81D /* Main.storyboard */; };
		EF1142B1277A83DB00CBD81D /* Assets.xcassets in Resources */ = {isa = PBXBuildFile; fileRef = EF1142B0277A83DB00CBD81D /* Assets.xcassets */; };
		EF1142B4277A83DB00CBD81D /* LaunchScreen.storyboard in Resources */ = {isa = PBXBuildFile; fileRef = EF1142B2277A83DB00CBD81D /* LaunchScreen.storyboard */; };
		EF144FAF278B91EE00A922A2 /* ListRecipes.swift in Sources */ = {isa = PBXBuildFile; fileRef = EF144FAE278B91EE00A922A2 /* ListRecipes.swift */; };
		EF314CCA278691C700E2C5D2 /* RecipeData.swift in Sources */ = {isa = PBXBuildFile; fileRef = EF314CC9278691C700E2C5D2 /* RecipeData.swift */; };
		EF43A808278A6129007B6351 /* RecipeModel.swift in Sources */ = {isa = PBXBuildFile; fileRef = EF43A807278A6129007B6351 /* RecipeModel.swift */; };
		EFA402CE2781884700EEA306 /* RecipeManager.swift in Sources */ = {isa = PBXBuildFile; fileRef = EFA402CD2781884700EEA306 /* RecipeManager.swift */; };
/* End PBXBuildFile section */

/* Begin PBXFileReference section */
		EF1142A4277A83D900CBD81D /* MyFridge2.0.app */ = {isa = PBXFileReference; explicitFileType = wrapper.application; includeInIndex = 0; path = MyFridge2.0.app; sourceTree = BUILT_PRODUCTS_DIR; };
		EF1142A7277A83D900CBD81D /* AppDelegate.swift */ = {isa = PBXFileReference; lastKnownFileType = sourcecode.swift; path = AppDelegate.swift; sourceTree = "<group>"; };
		EF1142A9277A83D900CBD81D /* SceneDelegate.swift */ = {isa = PBXFileReference; lastKnownFileType = sourcecode.swift; path = SceneDelegate.swift; sourceTree = "<group>"; };
		EF1142AB277A83D900CBD81D /* ViewController.swift */ = {isa = PBXFileReference; lastKnownFileType = sourcecode.swift; path = ViewController.swift; sourceTree = "<group>"; };
		EF1142AE277A83D900CBD81D /* Base */ = {isa = PBXFileReference; lastKnownFileType = file.storyboard; name = Base; path = Base.lproj/Main.storyboard; sourceTree = "<group>"; };
		EF1142B0277A83DB00CBD81D /* Assets.xcassets */ = {isa = PBXFileReference; lastKnownFileType = folder.assetcatalog; path = Assets.xcassets; sourceTree = "<group>"; };
		EF1142B3277A83DB00CBD81D /* Base */ = {isa = PBXFileReference; lastKnownFileType = file.storyboard; name = Base; path = Base.lproj/LaunchScreen.storyboard; sourceTree = "<group>"; };
		EF1142B5277A83DB00CBD81D /* Info.plist */ = {isa = PBXFileReference; lastKnownFileType = text.plist.xml; path = Info.plist; sourceTree = "<group>"; };
		EF144FAE278B91EE00A922A2 /* ListRecipes.swift */ = {isa = PBXFileReference; lastKnownFileType = sourcecode.swift; path = ListRecipes.swift; sourceTree = "<group>"; };
		EF314CC9278691C700E2C5D2 /* RecipeData.swift */ = {isa = PBXFileReference; lastKnownFileType = sourcecode.swift; path = RecipeData.swift; sourceTree = "<group>"; };
		EF43A807278A6129007B6351 /* RecipeModel.swift */ = {isa = PBXFileReference; lastKnownFileType = sourcecode.swift; path = RecipeModel.swift; sourceTree = "<group>"; };
		EFA402CD2781884700EEA306 /* RecipeManager.swift */ = {isa = PBXFileReference; lastKnownFileType = sourcecode.swift; path = RecipeManager.swift; sourceTree = "<group>"; };
/* End PBXFileReference section */

/* Begin PBXFrameworksBuildPhase section */
		EF1142A1277A83D900CBD81D /* Frameworks */ = {
			isa = PBXFrameworksBuildPhase;
			buildActionMask = 2147483647;
			files = (
			);
			runOnlyForDeploymentPostprocessing = 0;
		};
/* End PBXFrameworksBuildPhase section */

/* Begin PBXGroup section */
		EF11429B277A83D900CBD81D = {
			isa = PBXGroup;
			children = (
				EF1142A6277A83D900CBD81D /* MyFridge2.0 */,
				EF1142A5277A83D900CBD81D /* Products */,
			);
			sourceTree = "<group>";
		};
		EF1142A5277A83D900CBD81D /* Products */ = {
			isa = PBXGroup;
			children = (
				EF1142A4277A83D900CBD81D /* MyFridge2.0.app */,
			);
			name = Products;
			sourceTree = "<group>";
		};
		EF1142A6277A83D900CBD81D /* MyFridge2.0 */ = {
			isa = PBXGroup;
			children = (
				EF1142A7277A83D900CBD81D /* AppDelegate.swift */,
				EF1142A9277A83D900CBD81D /* SceneDelegate.swift */,
				EF1142AB277A83D900CBD81D /* ViewController.swift */,
				EF144FAE278B91EE00A922A2 /* ListRecipes.swift */,
				EF314CC827868D8300E2C5D2 /* Model */,
				EFA402CC278183EA00EEA306 /* View */,
				EF1142B0277A83DB00CBD81D /* Assets.xcassets */,
				EF1142B2277A83DB00CBD81D /* LaunchScreen.storyboard */,
				EF1142B5277A83DB00CBD81D /* Info.plist */,
			);
			path = MyFridge2.0;
			sourceTree = "<group>";
		};
		EF314CC827868D8300E2C5D2 /* Model */ = {
			isa = PBXGroup;
			children = (
				EFA402CD2781884700EEA306 /* RecipeManager.swift */,
				EF314CC9278691C700E2C5D2 /* RecipeData.swift */,
				EF43A807278A6129007B6351 /* RecipeModel.swift */,
			);
			path = Model;
			sourceTree = "<group>";
		};
		EFA402CC278183EA00EEA306 /* View */ = {
			isa = PBXGroup;
			children = (
				EF1142AD277A83D900CBD81D /* Main.storyboard */,
			);
			path = View;
			sourceTree = "<group>";
		};
/* End PBXGroup section */

/* Begin PBXNativeTarget section */
		EF1142A3277A83D900CBD81D /* MyFridge2.0 */ = {
			isa = PBXNativeTarget;
			buildConfigurationList = EF1142B8277A83DB00CBD81D /* Build configuration list for PBXNativeTarget "MyFridge2.0" */;
			buildPhases = (
				EF1142A0277A83D900CBD81D /* Sources */,
				EF1142A1277A83D900CBD81D /* Frameworks */,
				EF1142A2277A83D900CBD81D /* Resources */,
			);
			buildRules = (
			);
			dependencies = (
			);
			name = MyFridge2.0;
			productName = MyFridge2.0;
			productReference = EF1142A4277A83D900CBD81D /* MyFridge2.0.app */;
			productType = "com.apple.product-type.application";
		};
/* End PBXNativeTarget section */

/* Begin PBXProject section */
		EF11429C277A83D900CBD81D /* Project object */ = {
			isa = PBXProject;
			attributes = {
				BuildIndependentTargetsInParallel = 1;
				LastSwiftUpdateCheck = 1310;
				LastUpgradeCheck = 1310;
				TargetAttributes = {
					EF1142A3277A83D900CBD81D = {
						CreatedOnToolsVersion = 13.1;
					};
				};
			};
			buildConfigurationList = EF11429F277A83D900CBD81D /* Build configuration list for PBXProject "MyFridge2.0" */;
			compatibilityVersion = "Xcode 13.0";
			developmentRegion = en;
			hasScannedForEncodings = 0;
			knownRegions = (
				en,
				Base,
			);
			mainGroup = EF11429B277A83D900CBD81D;
			productRefGroup = EF1142A5277A83D900CBD81D /* Products */;
			projectDirPath = "";
			projectRoot = "";
			targets = (
				EF1142A3277A83D900CBD81D /* MyFridge2.0 */,
			);
		};
/* End PBXProject section */

/* Begin PBXResourcesBuildPhase section */
		EF1142A2277A83D900CBD81D /* Resources */ = {
			isa = PBXResourcesBuildPhase;
			buildActionMask = 2147483647;
			files = (
				EF1142B4277A83DB00CBD81D /* LaunchScreen.storyboard in Resources */,
				EF1142B1277A83DB00CBD81D /* Assets.xcassets in Resources */,
				EF1142AF277A83D900CBD81D /* Main.storyboard in Resources */,
			);
			runOnlyForDeploymentPostprocessing = 0;
		};
/* End PBXResourcesBuildPhase section */

/* Begin PBXSourcesBuildPhase section */
		EF1142A0277A83D900CBD81D /* Sources */ = {
			isa = PBXSourcesBuildPhase;
			buildActionMask = 2147483647;
			files = (
				EF1142AC277A83D900CBD81D /* ViewController.swift in Sources */,
				EF144FAF278B91EE00A922A2 /* ListRecipes.swift in Sources */,
				EFA402CE2781884700EEA306 /* RecipeManager.swift in Sources */,
				EF314CCA278691C700E2C5D2 /* RecipeData.swift in Sources */,
				EF1142A8277A83D900CBD81D /* AppDelegate.swift in Sources */,
				EF1142AA277A83D900CBD81D /* SceneDelegate.swift in Sources */,
				EF43A808278A6129007B6351 /* RecipeModel.swift in Sources */,
			);
			runOnlyForDeploymentPostprocessing = 0;
		};
/* End PBXSourcesBuildPhase section */

/* Begin PBXVariantGroup section */
		EF1142AD277A83D900CBD81D /* Main.storyboard */ = {
			isa = PBXVariantGroup;
			children = (
				EF1142AE277A83D900CBD81D /* Base */,
			);
			name = Main.storyboard;
			sourceTree = "<group>";
		};
		EF1142B2277A83DB00CBD81D /* LaunchScreen.storyboard */ = {
			isa = PBXVariantGroup;
			children = (
				EF1142B3277A83DB00CBD81D /* Base */,
			);
			name = LaunchScreen.storyboard;
			sourceTree = "<group>";
		};
/* End PBXVariantGroup section */

/* Begin XCBuildConfiguration section */
		EF1142B6277A83DB00CBD81D /* Debug */ = {
			isa = XCBuildConfiguration;
			buildSettings = {
				ALWAYS_SEARCH_USER_PATHS = NO;
				CLANG_ANALYZER_NONNULL = YES;
				CLANG_ANALYZER_NUMBER_OBJECT_CONVERSION = YES_AGGRESSIVE;
				CLANG_CXX_LANGUAGE_STANDARD = "gnu++17";
				CLANG_CXX_LIBRARY = "libc++";
				CLANG_ENABLE_MODULES = YES;
				CLANG_ENABLE_OBJC_ARC = YES;
				CLANG_ENABLE_OBJC_WEAK = YES;
				CLANG_WARN_BLOCK_CAPTURE_AUTORELEASING = YES;
				CLANG_WARN_BOOL_CONVERSION = YES;
				CLANG_WARN_COMMA = YES;
				CLANG_WARN_CONSTANT_CONVERSION = YES;
				CLANG_WARN_DEPRECATED_OBJC_IMPLEMENTATIONS = YES;
				CLANG_WARN_DIRECT_OBJC_ISA_USAGE = YES_ERROR;
				CLANG_WARN_DOCUMENTATION_COMMENTS = YES;
				CLANG_WARN_EMPTY_BODY = YES;
				CLANG_WARN_ENUM_CONVERSION = YES;
				CLANG_WARN_INFINITE_RECURSION = YES;
				CLANG_WARN_INT_CONVERSION = YES;
				CLANG_WARN_NON_LITERAL_NULL_CONVERSION = YES;
				CLANG_WARN_OBJC_IMPLICIT_RETAIN_SELF = YES;
				CLANG_WARN_OBJC_LITERAL_CONVERSION = YES;
				CLANG_WARN_OBJC_ROOT_CLASS = YES_ERROR;
				CLANG_WARN_QUOTED_INCLUDE_IN_FRAMEWORK_HEADER = YES;
				CLANG_WARN_RANGE_LOOP_ANALYSIS = YES;
				CLANG_WARN_STRICT_PROTOTYPES = YES;
				CLANG_WARN_SUSPICIOUS_MOVE = YES;
				CLANG_WARN_UNGUARDED_AVAILABILITY = YES_AGGRESSIVE;
				CLANG_WARN_UNREACHABLE_CODE = YES;
				CLANG_WARN__DUPLICATE_METHOD_MATCH = YES;
				COPY_PHASE_STRIP = NO;
				DEBUG_INFORMATION_FORMAT = dwarf;
				ENABLE_STRICT_OBJC_MSGSEND = YES;
				ENABLE_TESTABILITY = YES;
				GCC_C_LANGUAGE_STANDARD = gnu11;
				GCC_DYNAMIC_NO_PIC = NO;
				GCC_NO_COMMON_BLOCKS = YES;
				GCC_OPTIMIZATION_LEVEL = 0;
				GCC_PREPROCESSOR_DEFINITIONS = (
					"DEBUG=1",
					"$(inherited)",
				);
				GCC_WARN_64_TO_32_BIT_CONVERSION = YES;
				GCC_WARN_ABOUT_RETURN_TYPE = YES_ERROR;
				GCC_WARN_UNDECLARED_SELECTOR = YES;
				GCC_WARN_UNINITIALIZED_AUTOS = YES_AGGRESSIVE;
				GCC_WARN_UNUSED_FUNCTION = YES;
				GCC_WARN_UNUSED_VARIABLE = YES;
				IPHONEOS_DEPLOYMENT_TARGET = 15.0;
				MTL_ENABLE_DEBUG_INFO = INCLUDE_SOURCE;
				MTL_FAST_MATH = YES;
				ONLY_ACTIVE_ARCH = YES;
				SDKROOT = iphoneos;
				SWIFT_ACTIVE_COMPILATION_CONDITIONS = DEBUG;
				SWIFT_OPTIMIZATION_LEVEL = "-Onone";
			};
			name = Debug;
		};
		EF1142B7277A83DB00CBD81D /* Release */ = {
			isa = XCBuildConfiguration;
			buildSettings = {
				ALWAYS_SEARCH_USER_PATHS = NO;
				CLANG_ANALYZER_NONNULL = YES;
				CLANG_ANALYZER_NUMBER_OBJECT_CONVERSION = YES_AGGRESSIVE;
				CLANG_CXX_LANGUAGE_STANDARD = "gnu++17";
				CLANG_CXX_LIBRARY = "libc++";
				CLANG_ENABLE_MODULES = YES;
				CLANG_ENABLE_OBJC_ARC = YES;
				CLANG_ENABLE_OBJC_WEAK = YES;
				CLANG_WARN_BLOCK_CAPTURE_AUTORELEASING = YES;
				CLANG_WARN_BOOL_CONVERSION = YES;
				CLANG_WARN_COMMA = YES;
				CLANG_WARN_CONSTANT_CONVERSION = YES;
				CLANG_WARN_DEPRECATED_OBJC_IMPLEMENTATIONS = YES;
				CLANG_WARN_DIRECT_OBJC_ISA_USAGE = YES_ERROR;
				CLANG_WARN_DOCUMENTATION_COMMENTS = YES;
				CLANG_WARN_EMPTY_BODY = YES;
				CLANG_WARN_ENUM_CONVERSION = YES;
				CLANG_WARN_INFINITE_RECURSION = YES;
				CLANG_WARN_INT_CONVERSION = YES;
				CLANG_WARN_NON_LITERAL_NULL_CONVERSION = YES;
				CLANG_WARN_OBJC_IMPLICIT_RETAIN_SELF = YES;
				CLANG_WARN_OBJC_LITERAL_CONVERSION = YES;
				CLANG_WARN_OBJC_ROOT_CLASS = YES_ERROR;
				CLANG_WARN_QUOTED_INCLUDE_IN_FRAMEWORK_HEADER = YES;
				CLANG_WARN_RANGE_LOOP_ANALYSIS = YES;
				CLANG_WARN_STRICT_PROTOTYPES = YES;
				CLANG_WARN_SUSPICIOUS_MOVE = YES;
				CLANG_WARN_UNGUARDED_AVAILABILITY = YES_AGGRESSIVE;
				CLANG_WARN_UNREACHABLE_CODE = YES;
				CLANG_WARN__DUPLICATE_METHOD_MATCH = YES;
				COPY_PHASE_STRIP = NO;
				DEBUG_INFORMATION_FORMAT = "dwarf-with-dsym";
				ENABLE_NS_ASSERTIONS = NO;
				ENABLE_STRICT_OBJC_MSGSEND = YES;
				GCC_C_LANGUAGE_STANDARD = gnu11;
				GCC_NO_COMMON_BLOCKS = YES;
				GCC_WARN_64_TO_32_BIT_CONVERSION = YES;
				GCC_WARN_ABOUT_RETURN_TYPE = YES_ERROR;
				GCC_WARN_UNDECLARED_SELECTOR = YES;
				GCC_WARN_UNINITIALIZED_AUTOS = YES_AGGRESSIVE;
				GCC_WARN_UNUSED_FUNCTION = YES;
				GCC_WARN_UNUSED_VARIABLE = YES;
				IPHONEOS_DEPLOYMENT_TARGET = 15.0;
				MTL_ENABLE_DEBUG_INFO = NO;
				MTL_FAST_MATH = YES;
				SDKROOT = iphoneos;
				SWIFT_COMPILATION_MODE = wholemodule;
				SWIFT_OPTIMIZATION_LEVEL = "-O";
				VALIDATE_PRODUCT = YES;
			};
			name = Release;
		};
		EF1142B9277A83DB00CBD81D /* Debug */ = {
			isa = XCBuildConfiguration;
			buildSettings = {
				ASSETCATALOG_COMPILER_APPICON_NAME = AppIcon;
				ASSETCATALOG_COMPILER_GLOBAL_ACCENT_COLOR_NAME = AccentColor;
				CODE_SIGN_STYLE = Automatic;
				CURRENT_PROJECT_VERSION = 1;
				DEVELOPMENT_TEAM = GADN397RMX;
				GENERATE_INFOPLIST_FILE = YES;
				INFOPLIST_FILE = MyFridge2.0/Info.plist;
				INFOPLIST_KEY_UIApplicationSupportsIndirectInputEvents = YES;
				INFOPLIST_KEY_UILaunchStoryboardName = LaunchScreen;
				INFOPLIST_KEY_UIMainStoryboardFile = Main;
				INFOPLIST_KEY_UISupportedInterfaceOrientations_iPad = "UIInterfaceOrientationPortrait UIInterfaceOrientationPortraitUpsideDown UIInterfaceOrientationLandscapeLeft UIInterfaceOrientationLandscapeRight";
				INFOPLIST_KEY_UISupportedInterfaceOrientations_iPhone = "UIInterfaceOrientationPortrait UIInterfaceOrientationLandscapeLeft UIInterfaceOrientationLandscapeRight";
				LD_RUNPATH_SEARCH_PATHS = (
					"$(inherited)",
					"@executable_path/Frameworks",
				);
				MARKETING_VERSION = 1.0;
				PRODUCT_BUNDLE_IDENTIFIER = "com.husbanahmed.MyFridge2-0";
				PRODUCT_NAME = "$(TARGET_NAME)";
				SWIFT_EMIT_LOC_STRINGS = YES;
				SWIFT_VERSION = 5.0;
				TARGETED_DEVICE_FAMILY = "1,2";
			};
			name = Debug;
		};
		EF1142BA277A83DB00CBD81D /* Release */ = {
			isa = XCBuildConfiguration;
			buildSettings = {
				ASSETCATALOG_COMPILER_APPICON_NAME = AppIcon;
				ASSETCATALOG_COMPILER_GLOBAL_ACCENT_COLOR_NAME = AccentColor;
				CODE_SIGN_STYLE = Automatic;
				CURRENT_PROJECT_VERSION = 1;
				DEVELOPMENT_TEAM = GADN397RMX;
				GENERATE_INFOPLIST_FILE = YES;
				INFOPLIST_FILE = MyFridge2.0/Info.plist;
				INFOPLIST_KEY_UIApplicationSupportsIndirectInputEvents = YES;
				INFOPLIST_KEY_UILaunchStoryboardName = LaunchScreen;
				INFOPLIST_KEY_UIMainStoryboardFile = Main;
				INFOPLIST_KEY_UISupportedInterfaceOrientations_iPad = "UIInterfaceOrientationPortrait UIInterfaceOrientationPortraitUpsideDown UIInterfaceOrientationLandscapeLeft UIInterfaceOrientationLandscapeRight";
				INFOPLIST_KEY_UISupportedInterfaceOrientations_iPhone = "UIInterfaceOrientationPortrait UIInterfaceOrientationLandscapeLeft UIInterfaceOrientationLandscapeRight";
				LD_RUNPATH_SEARCH_PATHS = (
					"$(inherited)",
					"@executable_path/Frameworks",
				);
				MARKETING_VERSION = 1.0;
				PRODUCT_BUNDLE_IDENTIFIER = "com.husbanahmed.MyFridge2-0";
				PRODUCT_NAME = "$(TARGET_NAME)";
				SWIFT_EMIT_LOC_STRINGS = YES;
				SWIFT_VERSION = 5.0;
				TARGETED_DEVICE_FAMILY = "1,2";
			};
			name = Release;
		};
/* End XCBuildConfiguration section */

/* Begin XCConfigurationList section */
		EF11429F277A83D900CBD81D /* Build configuration list for PBXProject "MyFridge2.0" */ = {
			isa = XCConfigurationList;
			buildConfigurations = (
				EF1142B6277A83DB00CBD81D /* Debug */,
				EF1142B7277A83DB00CBD81D /* Release */,
			);
			defaultConfigurationIsVisible = 0;
			defaultConfigurationName = Release;
		};
		EF1142B8277A83DB00CBD81D /* Build configuration list for PBXNativeTarget "MyFridge2.0" */ = {
			isa = XCConfigurationList;
			buildConfigurations = (
				EF1142B9277A83DB00CBD81D /* Debug */,
				EF1142BA277A83DB00CBD81D /* Release */,
			);
			defaultConfigurationIsVisible = 0;
			defaultConfigurationName = Release;
		};
/* End XCConfigurationList section */
	};
	rootObject = EF11429C277A83D900CBD81D /* Project object */;
}
